
Microsoft Visual Studio Solution File, Format Version 11.00
# Visual Studio 2010
Project("{FAE04EC0-301F-11D3-BF4B-00C04F79EFBC}") = "ManageTravel", "ManageTravel\ManageTravel.csproj", "{C9BD1236-B5D2-41B7-9BDD-6168D51FC0EA}"
EndProject
Project("{FAE04EC0-301F-11D3-BF4B-00C04F79EFBC}") = "ManageTravel.Tests", "ManageTravel.Tests\ManageTravel.Tests.csproj", "{B561155F-73DE-4AA2-AE50-4FA2E09D895E}"
EndProject
Global
	GlobalSection(SolutionConfigurationPlatforms) = preSolution
		Debug|Any CPU = Debug|Any CPU
		Release|Any CPU = Release|Any CPU
	EndGlobalSection
	GlobalSection(ProjectConfigurationPlatforms) = postSolution
		{C9BD1236-B5D2-41B7-9BDD-6168D51FC0EA}.Debug|Any CPU.ActiveCfg = Debug|Any CPU
		{C9BD1236-B5D2-41B7-9BDD-6168D51FC0EA}.Debug|Any CPU.Build.0 = Debug|Any CPU
		{C9BD1236-B5D2-41B7-9BDD-6168D51FC0EA}.Release|Any CPU.ActiveCfg = Release|Any CPU
		{C9BD1236-B5D2-41B7-9BDD-6168D51FC0EA}.Release|Any CPU.Build.0 = Release|Any CPU
		{B561155F-73DE-4AA2-AE50-4FA2E09D895E}.Debug|Any CPU.ActiveCfg = Debug|Any CPU
		{B561155F-73DE-4AA2-AE50-4FA2E09D895E}.Debug|Any CPU.Build.0 = Debug|Any CPU
		{B561155F-73DE-4AA2-AE50-4FA2E09D895E}.Release|Any CPU.ActiveCfg = Release|Any CPU
		{B561155F-73DE-4AA2-AE50-4FA2E09D895E}.Release|Any CPU.Build.0 = Release|Any CPU
	EndGlobalSection
	GlobalSection(SolutionProperties) = preSolution
		HideSolutionNode = FALSE
	EndGlobalSection
EndGlobal
